
Microsoft Visual Studio Solution File, Format Version 12.00
# Visual Studio Version 17
VisualStudioVersion = 17.6.33723.286
MinimumVisualStudioVersion = 10.0.40219.1
Project("{FAE04EC0-301F-11D3-BF4B-00C04F79EFBC}") = "LazyInitilizationExample", "LazyInitilizationExample\LazyInitilizationExample.csproj", "{A5C8AC28-F6F7-4313-A914-B2A299E267F8}"
EndProject
Global
	GlobalSection(SolutionConfigurationPlatforms) = preSolution
		Debug|Any CPU = Debug|Any CPU
		Release|Any CPU = Release|Any CPU
	EndGlobalSection
	GlobalSection(ProjectConfigurationPlatforms) = postSolution
		{A5C8AC28-F6F7-4313-A914-B2A299E267F8}.Debug|Any CPU.ActiveCfg = Debug|Any CPU
		{A5C8AC28-F6F7-4313-A914-B2A299E267F8}.Debug|Any CPU.Build.0 = Debug|Any CPU
		{A5C8AC28-F6F7-4313-A914-B2A299E267F8}.Release|Any CPU.ActiveCfg = Release|Any CPU
		{A5C8AC28-F6F7-4313-A914-B2A299E267F8}.Release|Any CPU.Build.0 = Release|Any CPU
	EndGlobalSection
	GlobalSection(SolutionProperties) = preSolution
		HideSolutionNode = FALSE
	EndGlobalSection
	GlobalSection(ExtensibilityGlobals) = postSolution
		SolutionGuid = {533D305A-9BE5-4C7B-84A1-59736473564B}
	EndGlobalSection
EndGlobal
